// !$*UTF8*$!
{
	archiveVersion = 1;
	classes = {
	};
	objectVersion = 46;
	objects = {

/* Begin PBXBuildFile section */
		865093ED1F2570AF007D775D /* AppDelegate.swift in Sources */ = {isa = PBXBuildFile; fileRef = 865093EC1F2570AF007D775D /* AppDelegate.swift */; };
		865093EF1F2570AF007D775D /* ViewController.swift in Sources */ = {isa = PBXBuildFile; fileRef = 865093EE1F2570AF007D775D /* ViewController.swift */; };
		865093F21F2570AF007D775D /* Main.storyboard in Resources */ = {isa = PBXBuildFile; fileRef = 865093F01F2570AF007D775D /* Main.storyboard */; };
		865093F41F2570AF007D775D /* Assets.xcassets in Resources */ = {isa = PBXBuildFile; fileRef = 865093F31F2570AF007D775D /* Assets.xcassets */; };
		865093F71F2570AF007D775D /* LaunchScreen.storyboard in Resources */ = {isa = PBXBuildFile; fileRef = 865093F51F2570AF007D775D /* LaunchScreen.storyboard */; };
		865093FF1F2570C8007D775D /* hustle-on.wav in Resources */ = {isa = PBXBuildFile; fileRef = 865093FE1F2570C8007D775D /* hustle-on.wav */; };
/* End PBXBuildFile section */

/* Begin PBXFileReference section */
		865093E91F2570AF007D775D /* Hustle.app */ = {isa = PBXFileReference; explicitFileType = wrapper.application; includeInIndex = 0; path = Hustle.app; sourceTree = BUILT_PRODUCTS_DIR; };
		865093EC1F2570AF007D775D /* AppDelegate.swift */ = {isa = PBXFileReference; lastKnownFileType = sourcecode.swift; path = AppDelegate.swift; sourceTree = "<group>"; };
		865093EE1F2570AF007D775D /* ViewController.swift */ = {isa = PBXFileReference; lastKnownFileType = sourcecode.swift; path = ViewController.swift; sourceTree = "<group>"; };
		865093F11F2570AF007D775D /* Base */ = {isa = PBXFileReference; lastKnownFileType = file.storyboard; name = Base; path = Base.lproj/Main.storyboard; sourceTree = "<group>"; };
		865093F31F2570AF007D775D /* Assets.xcassets */ = {isa = PBXFileReference; lastKnownFileType = folder.assetcatalog; path = Assets.xcassets; sourceTree = "<group>"; };
		865093F61F2570AF007D775D /* Base */ = {isa = PBXFileReference; lastKnownFileType = file.storyboard; name = Base; path = Base.lproj/LaunchScreen.storyboard; sourceTree = "<group>"; };
		865093F81F2570AF007D775D /* Info.plist */ = {isa = PBXFileReference; lastKnownFileType = text.plist.xml; path = Info.plist; sourceTree = "<group>"; };
		865093FE1F2570C8007D775D /* hustle-on.wav */ = {isa = PBXFileReference; lastKnownFileType = audio.wav; path = "hustle-on.wav"; sourceTree = "<group>"; };
/* End PBXFileReference section */

/* Begin PBXFrameworksBuildPhase section */
		865093E61F2570AF007D775D /* Frameworks */ = {
			isa = PBXFrameworksBuildPhase;
			buildActionMask = 2147483647;
			files = (
			);
			runOnlyForDeploymentPostprocessing = 0;
		};
/* End PBXFrameworksBuildPhase section */

/* Begin PBXGroup section */
		865093E01F2570AF007D775D = {
			isa = PBXGroup;
			children = (
				865093EB1F2570AF007D775D /* Hustle */,
				865093EA1F2570AF007D775D /* Products */,
			);
			sourceTree = "<group>";
		};
		865093EA1F2570AF007D775D /* Products */ = {
			isa = PBXGroup;
			children = (
				865093E91F2570AF007D775D /* Hustle.app */,
			);
			name = Products;
			sourceTree = "<group>";
		};
		865093EB1F2570AF007D775D /* Hustle */ = {
			isa = PBXGroup;
			children = (
				865093FE1F2570C8007D775D /* hustle-on.wav */,
				865093EC1F2570AF007D775D /* AppDelegate.swift */,
				865093EE1F2570AF007D775D /* ViewController.swift */,
				865093F01F2570AF007D775D /* Main.storyboard */,
				865093F31F2570AF007D775D /* Assets.xcassets */,
				865093F51F2570AF007D775D /* LaunchScreen.storyboard */,
				865093F81F2570AF007D775D /* Info.plist */,
			);
			path = Hustle;
			sourceTree = "<group>";
		};
/* End PBXGroup section */

/* Begin PBXNativeTarget section */
		865093E81F2570AF007D775D /* Hustle */ = {
			isa = PBXNativeTarget;
			buildConfigurationList = 865093FB1F2570AF007D775D /* Build configuration list for PBXNativeTarget "Hustle" */;
			buildPhases = (
				865093E51F2570AF007D775D /* Sources */,
				865093E61F2570AF007D775D /* Frameworks */,
				865093E71F2570AF007D775D /* Resources */,
			);
			buildRules = (
			);
			dependencies = (
			);
			name = Hustle;
			productName = Hustle;
			productReference = 865093E91F2570AF007D775D /* Hustle.app */;
			productType = "com.apple.product-type.application";
		};
/* End PBXNativeTarget section */

/* Begin PBXProject section */
		865093E11F2570AF007D775D /* Project object */ = {
			isa = PBXProject;
			attributes = {
				LastSwiftUpdateCheck = 0830;
				LastUpgradeCheck = 0830;
				ORGANIZATIONNAME = "Ali Asgar Merchant";
				TargetAttributes = {
					865093E81F2570AF007D775D = {
						CreatedOnToolsVersion = 8.3.3;
						DevelopmentTeam = UDJZVQGEJ6;
						ProvisioningStyle = Automatic;
					};
				};
			};
			buildConfigurationList = 865093E41F2570AF007D775D /* Build configuration list for PBXProject "Hustle" */;
			compatibilityVersion = "Xcode 3.2";
			developmentRegion = English;
			hasScannedForEncodings = 0;
			knownRegions = (
				en,
				Base,
			);
			mainGroup = 865093E01F2570AF007D775D;
			productRefGroup = 865093EA1F2570AF007D775D /* Products */;
			projectDirPath = "";
			projectRoot = "";
			targets = (
				865093E81F2570AF007D775D /* Hustle */,
			);
		};
/* End PBXProject section */

/* Begin PBXResourcesBuildPhase section */
		865093E71F2570AF007D775D /* Resources */ = {
			isa = PBXResourcesBuildPhase;
			buildActionMask = 2147483647;
			files = (
				865093FF1F2570C8007D775D /* hustle-on.wav in Resources */,
				865093F71F2570AF007D775D /* LaunchScreen.storyboard in Resources */,
				865093F41F2570AF007D775D /* Assets.xcassets in Resources */,
				865093F21F2570AF007D775D /* Main.storyboard in Resources */,
			);
			runOnlyForDeploymentPostprocessing = 0;
		};
/* End PBXResourcesBuildPhase section */

/* Begin PBXSourcesBuildPhase section */
		865093E51F2570AF007D775D /* Sources */ = {
			isa = PBXSourcesBuildPhase;
			buildActionMask = 2147483647;
			files = (
				865093EF1F2570AF007D775D /* ViewController.swift in Sources */,
				865093ED1F2570AF007D775D /* AppDelegate.swift in Sources */,
			);
			runOnlyForDeploymentPostprocessing = 0;
		};
/* End PBXSourcesBuildPhase section */

/* Begin PBXVariantGroup section */
		865093F01F2570AF007D775D /* Main.storyboard */ = {
			isa = PBXVariantGroup;
			children = (
				865093F11F2570AF007D775D /* Base */,
			);
			name = Main.storyboard;
			sourceTree = "<group>";
		};
		865093F51F2570AF007D775D /* LaunchScreen.storyboard */ = {
			isa = PBXVariantGroup;
			children = (
				865093F61F2570AF007D775D /* Base */,
			);
			name = LaunchScreen.storyboard;
			sourceTree = "<group>";
		};
/* End PBXVariantGroup section */

/* Begin XCBuildConfiguration section */
		865093F91F2570AF007D775D /* Debug */ = {
			isa = XCBuildConfiguration;
			buildSettings = {
				ALWAYS_SEARCH_USER_PATHS = NO;
				CLANG_ANALYZER_NONNULL = YES;
				CLANG_ANALYZER_NUMBER_OBJECT_CONVERSION = YES_AGGRESSIVE;
				CLANG_CXX_LANGUAGE_STANDARD = "gnu++0x";
				CLANG_CXX_LIBRARY = "libc++";
				CLANG_ENABLE_MODULES = YES;
				CLANG_ENABLE_OBJC_ARC = YES;
				CLANG_WARN_BOOL_CONVERSION = YES;
				CLANG_WARN_CONSTANT_CONVERSION = YES;
				CLANG_WARN_DIRECT_OBJC_ISA_USAGE = YES_ERROR;
				CLANG_WARN_DOCUMENTATION_COMMENTS = YES;
				CLANG_WARN_EMPTY_BODY = YES;
				CLANG_WARN_ENUM_CONVERSION = YES;
				CLANG_WARN_INFINITE_RECURSION = YES;
				CLANG_WARN_INT_CONVERSION = YES;
				CLANG_WARN_OBJC_ROOT_CLASS = YES_ERROR;
				CLANG_WARN_SUSPICIOUS_MOVE = YES;
				CLANG_WARN_UNREACHABLE_CODE = YES;
				CLANG_WARN__DUPLICATE_METHOD_MATCH = YES;
				"CODE_SIGN_IDENTITY[sdk=iphoneos*]" = "iPhone Developer";
				COPY_PHASE_STRIP = NO;
				DEBUG_INFORMATION_FORMAT = dwarf;
				ENABLE_STRICT_OBJC_MSGSEND = YES;
				ENABLE_TESTABILITY = YES;
				GCC_C_LANGUAGE_STANDARD = gnu99;
				GCC_DYNAMIC_NO_PIC = NO;
				GCC_NO_COMMON_BLOCKS = YES;
				GCC_OPTIMIZATION_LEVEL = 0;
				GCC_PREPROCESSOR_DEFINITIONS = (
					"DEBUG=1",
					"$(inherited)",
				);
				GCC_WARN_64_TO_32_BIT_CONVERSION = YES;
				GCC_WARN_ABOUT_RETURN_TYPE = YES_ERROR;
				GCC_WARN_UNDECLARED_SELECTOR = YES;
				GCC_WARN_UNINITIALIZED_AUTOS = YES_AGGRESSIVE;
				GCC_WARN_UNUSED_FUNCTION = YES;
				GCC_WARN_UNUSED_VARIABLE = YES;
				IPHONEOS_DEPLOYMENT_TARGET = 10.3;
				MTL_ENABLE_DEBUG_INFO = YES;
				ONLY_ACTIVE_ARCH = YES;
				SDKROOT = iphoneos;
				SWIFT_ACTIVE_COMPILATION_CONDITIONS = DEBUG;
				SWIFT_OPTIMIZATION_LEVEL = "-Onone";
			};
			name = Debug;
		};
		865093FA1F2570AF007D775D /* Release */ = {
			isa = XCBuildConfiguration;
			buildSettings = {
				ALWAYS_SEARCH_USER_PATHS = NO;
				CLANG_ANALYZER_NONNULL = YES;
				CLANG_ANALYZER_NUMBER_OBJECT_CONVERSION = YES_AGGRESSIVE;
				CLANG_CXX_LANGUAGE_STANDARD = "gnu++0x";
				CLANG_CXX_LIBRARY = "libc++";
				CLANG_ENABLE_MODULES = YES;
				CLANG_ENABLE_OBJC_ARC = YES;
				CLANG_WARN_BOOL_CONVERSION = YES;
				CLANG_WARN_CONSTANT_CONVERSION = YES;
				CLANG_WARN_DIRECT_OBJC_ISA_USAGE = YES_ERROR;
				CLANG_WARN_DOCUMENTATION_COMMENTS = YES;
				CLANG_WARN_EMPTY_BODY = YES;
				CLANG_WARN_ENUM_CONVERSION = YES;
				CLANG_WARN_INFINITE_RECURSION = YES;
				CLANG_WARN_INT_CONVERSION = YES;
				CLANG_WARN_OBJC_ROOT_CLASS = YES_ERROR;
				CLANG_WARN_SUSPICIOUS_MOVE = YES;
				CLANG_WARN_UNREACHABLE_CODE = YES;
				CLANG_WARN__DUPLICATE_METHOD_MATCH = YES;
				"CODE_SIGN_IDENTITY[sdk=iphoneos*]" = "iPhone Developer";
				COPY_PHASE_STRIP = NO;
				DEBUG_INFORMATION_FORMAT = "dwarf-with-dsym";
				ENABLE_NS_ASSERTIONS = NO;
				ENABLE_STRICT_OBJC_MSGSEND = YES;
				GCC_C_LANGUAGE_STANDARD = gnu99;
				GCC_NO_COMMON_BLOCKS = YES;
				GCC_WARN_64_TO_32_BIT_CONVERSION = YES;
				GCC_WARN_ABOUT_RETURN_TYPE = YES_ERROR;
				GCC_WARN_UNDECLARED_SELECTOR = YES;
				GCC_WARN_UNINITIALIZED_AUTOS = YES_AGGRESSIVE;
				GCC_WARN_UNUSED_FUNCTION = YES;
				GCC_WARN_UNUSED_VARIABLE = YES;
				IPHONEOS_DEPLOYMENT_TARGET = 10.3;
				MTL_ENABLE_DEBUG_INFO = NO;
				SDKROOT = iphoneos;
				SWIFT_OPTIMIZATION_LEVEL = "-Owholemodule";
				VALIDATE_PRODUCT = YES;
			};
			name = Release;
		};
		865093FC1F2570AF007D775D /* Debug */ = {
			isa = XCBuildConfiguration;
			buildSettings = {
				ASSETCATALOG_COMPILER_APPICON_NAME = AppIcon;
				DEVELOPMENT_TEAM = UDJZVQGEJ6;
				INFOPLIST_FILE = Hustle/Info.plist;
				LD_RUNPATH_SEARCH_PATHS = "$(inherited) @executable_path/Frameworks";
				PRODUCT_BUNDLE_IDENTIFIER = com.amsaif52.Hustle;
				PRODUCT_NAME = "$(TARGET_NAME)";
				SWIFT_VERSION = 3.0;
			};
			name = Debug;
		};
		865093FD1F2570AF007D775D /* Release */ = {
			isa = XCBuildConfiguration;
			buildSettings = {
				ASSETCATALOG_COMPILER_APPICON_NAME = AppIcon;
				DEVELOPMENT_TEAM = UDJZVQGEJ6;
				INFOPLIST_FILE = Hustle/Info.plist;
				LD_RUNPATH_SEARCH_PATHS = "$(inherited) @executable_path/Frameworks";
				PRODUCT_BUNDLE_IDENTIFIER = com.amsaif52.Hustle;
				PRODUCT_NAME = "$(TARGET_NAME)";
				SWIFT_VERSION = 3.0;
			};
			name = Release;
		};
/* End XCBuildConfiguration section */

/* Begin XCConfigurationList section */
		865093E41F2570AF007D775D /* Build configuration list for PBXProject "Hustle" */ = {
			isa = XCConfigurationList;
			buildConfigurations = (
				865093F91F2570AF007D775D /* Debug */,
				865093FA1F2570AF007D775D /* Release */,
			);
			defaultConfigurationIsVisible = 0;
			defaultConfigurationName = Release;
		};
		865093FB1F2570AF007D775D /* Build configuration list for PBXNativeTarget "Hustle" */ = {
			isa = XCConfigurationList;
			buildConfigurations = (
				865093FC1F2570AF007D775D /* Debug */,
				865093FD1F2570AF007D775D /* Release */,
			);
			defaultConfigurationIsVisible = 0;
		};
/* End XCConfigurationList section */
	};
	rootObject = 865093E11F2570AF007D775D /* Project object */;
}
